// !$*UTF8*$!
{
	archiveVersion = 1;
	classes = {
	};
	objectVersion = 48;
	objects = {

/* Begin PBXBuildFile section */
		D264271C1F79B52100F749D9 /* AppDelegate.swift in Sources */ = {isa = PBXBuildFile; fileRef = D264271B1F79B52100F749D9 /* AppDelegate.swift */; };
		D264271E1F79B52100F749D9 /* ViewController.swift in Sources */ = {isa = PBXBuildFile; fileRef = D264271D1F79B52100F749D9 /* ViewController.swift */; };
		D26427211F79B52100F749D9 /* Main.storyboard in Resources */ = {isa = PBXBuildFile; fileRef = D264271F1F79B52100F749D9 /* Main.storyboard */; };
		D26427231F79B52100F749D9 /* Assets.xcassets in Resources */ = {isa = PBXBuildFile; fileRef = D26427221F79B52100F749D9 /* Assets.xcassets */; };
		D26427261F79B52100F749D9 /* LaunchScreen.storyboard in Resources */ = {isa = PBXBuildFile; fileRef = D26427241F79B52100F749D9 /* LaunchScreen.storyboard */; };
		D264272E1F79B53500F749D9 /* JGCImageViewController.swift in Sources */ = {isa = PBXBuildFile; fileRef = D264272D1F79B53500F749D9 /* JGCImageViewController.swift */; };
/* End PBXBuildFile section */

/* Begin PBXFileReference section */
		D26427181F79B52100F749D9 /* JGCImageViewExample.app */ = {isa = PBXFileReference; explicitFileType = wrapper.application; includeInIndex = 0; path = JGCImageViewExample.app; sourceTree = BUILT_PRODUCTS_DIR; };
		D264271B1F79B52100F749D9 /* AppDelegate.swift */ = {isa = PBXFileReference; lastKnownFileType = sourcecode.swift; path = AppDelegate.swift; sourceTree = "<group>"; };
		D264271D1F79B52100F749D9 /* ViewController.swift */ = {isa = PBXFileReference; lastKnownFileType = sourcecode.swift; path = ViewController.swift; sourceTree = "<group>"; };
		D26427201F79B52100F749D9 /* Base */ = {isa = PBXFileReference; lastKnownFileType = file.storyboard; name = Base; path = Base.lproj/Main.storyboard; sourceTree = "<group>"; };
		D26427221F79B52100F749D9 /* Assets.xcassets */ = {isa = PBXFileReference; lastKnownFileType = folder.assetcatalog; path = Assets.xcassets; sourceTree = "<group>"; };
		D26427251F79B52100F749D9 /* Base */ = {isa = PBXFileReference; lastKnownFileType = file.storyboard; name = Base; path = Base.lproj/LaunchScreen.storyboard; sourceTree = "<group>"; };
		D26427271F79B52100F749D9 /* Info.plist */ = {isa = PBXFileReference; lastKnownFileType = text.plist.xml; path = Info.plist; sourceTree = "<group>"; };
		D264272D1F79B53500F749D9 /* JGCImageViewController.swift */ = {isa = PBXFileReference; lastKnownFileType = sourcecode.swift; path = JGCImageViewController.swift; sourceTree = "<group>"; };
/* End PBXFileReference section */

/* Begin PBXFrameworksBuildPhase section */
		D26427151F79B52100F749D9 /* Frameworks */ = {
			isa = PBXFrameworksBuildPhase;
			buildActionMask = 2147483647;
			files = (
			);
			runOnlyForDeploymentPostprocessing = 0;
		};
/* End PBXFrameworksBuildPhase section */

/* Begin PBXGroup section */
		D264270F1F79B52100F749D9 = {
			isa = PBXGroup;
			children = (
				D264271A1F79B52100F749D9 /* JGCImageViewExample */,
				D26427191F79B52100F749D9 /* Products */,
			);
			sourceTree = "<group>";
		};
		D26427191F79B52100F749D9 /* Products */ = {
			isa = PBXGroup;
			children = (
				D26427181F79B52100F749D9 /* JGCImageViewExample.app */,
			);
			name = Products;
			sourceTree = "<group>";
		};
		D264271A1F79B52100F749D9 /* JGCImageViewExample */ = {
			isa = PBXGroup;
			children = (
				D264271B1F79B52100F749D9 /* AppDelegate.swift */,
				D264271D1F79B52100F749D9 /* ViewController.swift */,
				D264271F1F79B52100F749D9 /* Main.storyboard */,
				D26427221F79B52100F749D9 /* Assets.xcassets */,
				D26427241F79B52100F749D9 /* LaunchScreen.storyboard */,
				D26427271F79B52100F749D9 /* Info.plist */,
				D264272D1F79B53500F749D9 /* JGCImageViewController.swift */,
			);
			path = JGCImageViewExample;
			sourceTree = "<group>";
		};
/* End PBXGroup section */

/* Begin PBXNativeTarget section */
		D26427171F79B52100F749D9 /* JGCImageViewExample */ = {
			isa = PBXNativeTarget;
			buildConfigurationList = D264272A1F79B52100F749D9 /* Build configuration list for PBXNativeTarget "JGCImageViewExample" */;
			buildPhases = (
				D26427141F79B52100F749D9 /* Sources */,
				D26427151F79B52100F749D9 /* Frameworks */,
				D26427161F79B52100F749D9 /* Resources */,
			);
			buildRules = (
			);
			dependencies = (
			);
			name = JGCImageViewExample;
			productName = JGCImageViewExample;
			productReference = D26427181F79B52100F749D9 /* JGCImageViewExample.app */;
			productType = "com.apple.product-type.application";
		};
/* End PBXNativeTarget section */

/* Begin PBXProject section */
		D26427101F79B52100F749D9 /* Project object */ = {
			isa = PBXProject;
			attributes = {
				LastSwiftUpdateCheck = 0900;
				LastUpgradeCheck = 0900;
				ORGANIZATIONNAME = "Jung Geon Choi";
				TargetAttributes = {
					D26427171F79B52100F749D9 = {
						CreatedOnToolsVersion = 9.0;
						ProvisioningStyle = Automatic;
					};
				};
			};
			buildConfigurationList = D26427131F79B52100F749D9 /* Build configuration list for PBXProject "JGCImageViewExample" */;
			compatibilityVersion = "Xcode 8.0";
			developmentRegion = en;
			hasScannedForEncodings = 0;
			knownRegions = (
				en,
				Base,
			);
			mainGroup = D264270F1F79B52100F749D9;
			productRefGroup = D26427191F79B52100F749D9 /* Products */;
			projectDirPath = "";
			projectRoot = "";
			targets = (
				D26427171F79B52100F749D9 /* JGCImageViewExample */,
			);
		};
/* End PBXProject section */

/* Begin PBXResourcesBuildPhase section */
		D26427161F79B52100F749D9 /* Resources */ = {
			isa = PBXResourcesBuildPhase;
			buildActionMask = 2147483647;
			files = (
				D26427261F79B52100F749D9 /* LaunchScreen.storyboard in Resources */,
				D26427231F79B52100F749D9 /* Assets.xcassets in Resources */,
				D26427211F79B52100F749D9 /* Main.storyboard in Resources */,
			);
			runOnlyForDeploymentPostprocessing = 0;
		};
/* End PBXResourcesBuildPhase section */

/* Begin PBXSourcesBuildPhase section */
		D26427141F79B52100F749D9 /* Sources */ = {
			isa = PBXSourcesBuildPhase;
			buildActionMask = 2147483647;
			files = (
				D264272E1F79B53500F749D9 /* JGCImageViewController.swift in Sources */,
				D264271E1F79B52100F749D9 /* ViewController.swift in Sources */,
				D264271C1F79B52100F749D9 /* AppDelegate.swift in Sources */,
			);
			runOnlyForDeploymentPostprocessing = 0;
		};
/* End PBXSourcesBuildPhase section */

/* Begin PBXVariantGroup section */
		D264271F1F79B52100F749D9 /* Main.storyboard */ = {
			isa = PBXVariantGroup;
			children = (
				D26427201F79B52100F749D9 /* Base */,
			);
			name = Main.storyboard;
			sourceTree = "<group>";
		};
		D26427241F79B52100F749D9 /* LaunchScreen.storyboard */ = {
			isa = PBXVariantGroup;
			children = (
				D26427251F79B52100F749D9 /* Base */,
			);
			name = LaunchScreen.storyboard;
			sourceTree = "<group>";
		};
/* End PBXVariantGroup section */

/* Begin XCBuildConfiguration section */
		D26427281F79B52100F749D9 /* Debug */ = {
			isa = XCBuildConfiguration;
			buildSettings = {
				ALWAYS_SEARCH_USER_PATHS = NO;
				CLANG_ANALYZER_NONNULL = YES;
				CLANG_ANALYZER_NUMBER_OBJECT_CONVERSION = YES_AGGRESSIVE;
				CLANG_CXX_LANGUAGE_STANDARD = "gnu++14";
				CLANG_CXX_LIBRARY = "libc++";
				CLANG_ENABLE_MODULES = YES;
				CLANG_ENABLE_OBJC_ARC = YES;
				CLANG_WARN_BLOCK_CAPTURE_AUTORELEASING = YES;
				CLANG_WARN_BOOL_CONVERSION = YES;
				CLANG_WARN_COMMA = YES;
				CLANG_WARN_CONSTANT_CONVERSION = YES;
				CLANG_WARN_DIRECT_OBJC_ISA_USAGE = YES_ERROR;
				CLANG_WARN_DOCUMENTATION_COMMENTS = YES;
				CLANG_WARN_EMPTY_BODY = YES;
				CLANG_WARN_ENUM_CONVERSION = YES;
				CLANG_WARN_INFINITE_RECURSION = YES;
				CLANG_WARN_INT_CONVERSION = YES;
				CLANG_WARN_NON_LITERAL_NULL_CONVERSION = YES;
				CLANG_WARN_OBJC_LITERAL_CONVERSION = YES;
				CLANG_WARN_OBJC_ROOT_CLASS = YES_ERROR;
				CLANG_WARN_RANGE_LOOP_ANALYSIS = YES;
				CLANG_WARN_STRICT_PROTOTYPES = YES;
				CLANG_WARN_SUSPICIOUS_MOVE = YES;
				CLANG_WARN_UNGUARDED_AVAILABILITY = YES_AGGRESSIVE;
				CLANG_WARN_UNREACHABLE_CODE = YES;
				CLANG_WARN__DUPLICATE_METHOD_MATCH = YES;
				CODE_SIGN_IDENTITY = "iPhone Developer";
				COPY_PHASE_STRIP = NO;
				DEBUG_INFORMATION_FORMAT = dwarf;
				ENABLE_STRICT_OBJC_MSGSEND = YES;
				ENABLE_TESTABILITY = YES;
				GCC_C_LANGUAGE_STANDARD = gnu11;
				GCC_DYNAMIC_NO_PIC = NO;
				GCC_NO_COMMON_BLOCKS = YES;
				GCC_OPTIMIZATION_LEVEL = 0;
				GCC_PREPROCESSOR_DEFINITIONS = (
					"DEBUG=1",
					"$(inherited)",
				);
				GCC_WARN_64_TO_32_BIT_CONVERSION = YES;
				GCC_WARN_ABOUT_RETURN_TYPE = YES_ERROR;
				GCC_WARN_UNDECLARED_SELECTOR = YES;
				GCC_WARN_UNINITIALIZED_AUTOS = YES_AGGRESSIVE;
				GCC_WARN_UNUSED_FUNCTION = YES;
				GCC_WARN_UNUSED_VARIABLE = YES;
				IPHONEOS_DEPLOYMENT_TARGET = 11.0;
				MTL_ENABLE_DEBUG_INFO = YES;
				ONLY_ACTIVE_ARCH = YES;
				SDKROOT = iphoneos;
				SWIFT_ACTIVE_COMPILATION_CONDITIONS = DEBUG;
				SWIFT_OPTIMIZATION_LEVEL = "-Onone";
			};
			name = Debug;
		};
		D26427291F79B52100F749D9 /* Release */ = {
			isa = XCBuildConfiguration;
			buildSettings = {
				ALWAYS_SEARCH_USER_PATHS = NO;
				CLANG_ANALYZER_NONNULL = YES;
				CLANG_ANALYZER_NUMBER_OBJECT_CONVERSION = YES_AGGRESSIVE;
				CLANG_CXX_LANGUAGE_STANDARD = "gnu++14";
				CLANG_CXX_LIBRARY = "libc++";
				CLANG_ENABLE_MODULES = YES;
				CLANG_ENABLE_OBJC_ARC = YES;
				CLANG_WARN_BLOCK_CAPTURE_AUTORELEASING = YES;
				CLANG_WARN_BOOL_CONVERSION = YES;
				CLANG_WARN_COMMA = YES;
				CLANG_WARN_CONSTANT_CONVERSION = YES;
				CLANG_WARN_DIRECT_OBJC_ISA_USAGE = YES_ERROR;
				CLANG_WARN_DOCUMENTATION_COMMENTS = YES;
				CLANG_WARN_EMPTY_BODY = YES;
				CLANG_WARN_ENUM_CONVERSION = YES;
				CLANG_WARN_INFINITE_RECURSION = YES;
				CLANG_WARN_INT_CONVERSION = YES;
				CLANG_WARN_NON_LITERAL_NULL_CONVERSION = YES;
				CLANG_WARN_OBJC_LITERAL_CONVERSION = YES;
				CLANG_WARN_OBJC_ROOT_CLASS = YES_ERROR;
				CLANG_WARN_RANGE_LOOP_ANALYSIS = YES;
				CLANG_WARN_STRICT_PROTOTYPES = YES;
				CLANG_WARN_SUSPICIOUS_MOVE = YES;
				CLANG_WARN_UNGUARDED_AVAILABILITY = YES_AGGRESSIVE;
				CLANG_WARN_UNREACHABLE_CODE = YES;
				CLANG_WARN__DUPLICATE_METHOD_MATCH = YES;
				CODE_SIGN_IDENTITY = "iPhone Developer";
				COPY_PHASE_STRIP = NO;
				DEBUG_INFORMATION_FORMAT = "dwarf-with-dsym";
				ENABLE_NS_ASSERTIONS = NO;
				ENABLE_STRICT_OBJC_MSGSEND = YES;
				GCC_C_LANGUAGE_STANDARD = gnu11;
				GCC_NO_COMMON_BLOCKS = YES;
				GCC_WARN_64_TO_32_BIT_CONVERSION = YES;
				GCC_WARN_ABOUT_RETURN_TYPE = YES_ERROR;
				GCC_WARN_UNDECLARED_SELECTOR = YES;
				GCC_WARN_UNINITIALIZED_AUTOS = YES_AGGRESSIVE;
				GCC_WARN_UNUSED_FUNCTION = YES;
				GCC_WARN_UNUSED_VARIABLE = YES;
				IPHONEOS_DEPLOYMENT_TARGET = 11.0;
				MTL_ENABLE_DEBUG_INFO = NO;
				SDKROOT = iphoneos;
				SWIFT_OPTIMIZATION_LEVEL = "-Owholemodule";
				VALIDATE_PRODUCT = YES;
			};
			name = Release;
		};
		D264272B1F79B52100F749D9 /* Debug */ = {
			isa = XCBuildConfiguration;
			buildSettings = {
				ASSETCATALOG_COMPILER_APPICON_NAME = AppIcon;
				CODE_SIGN_STYLE = Automatic;
				DEVELOPMENT_TEAM = VQJM9GW22Y;
				INFOPLIST_FILE = JGCImageViewExample/Info.plist;
				LD_RUNPATH_SEARCH_PATHS = "$(inherited) @executable_path/Frameworks";
				PRODUCT_BUNDLE_IDENTIFIER = jgchoi.com.JGCImageViewExample;
				PRODUCT_NAME = "$(TARGET_NAME)";
				SWIFT_VERSION = 4.0;
				TARGETED_DEVICE_FAMILY = "1,2";
			};
			name = Debug;
		};
		D264272C1F79B52100F749D9 /* Release */ = {
			isa = XCBuildConfiguration;
			buildSettings = {
				ASSETCATALOG_COMPILER_APPICON_NAME = AppIcon;
				CODE_SIGN_STYLE = Automatic;
				DEVELOPMENT_TEAM = VQJM9GW22Y;
				INFOPLIST_FILE = JGCImageViewExample/Info.plist;
				LD_RUNPATH_SEARCH_PATHS = "$(inherited) @executable_path/Frameworks";
				PRODUCT_BUNDLE_IDENTIFIER = jgchoi.com.JGCImageViewExample;
				PRODUCT_NAME = "$(TARGET_NAME)";
				SWIFT_VERSION = 4.0;
				TARGETED_DEVICE_FAMILY = "1,2";
			};
			name = Release;
		};
/* End XCBuildConfiguration section */

/* Begin XCConfigurationList section */
		D26427131F79B52100F749D9 /* Build configuration list for PBXProject "JGCImageViewExample" */ = {
			isa = XCConfigurationList;
			buildConfigurations = (
				D26427281F79B52100F749D9 /* Debug */,
				D26427291F79B52100F749D9 /* Release */,
			);
			defaultConfigurationIsVisible = 0;
			defaultConfigurationName = Release;
		};
		D264272A1F79B52100F749D9 /* Build configuration list for PBXNativeTarget "JGCImageViewExample" */ = {
			isa = XCConfigurationList;
			buildConfigurations = (
				D264272B1F79B52100F749D9 /* Debug */,
				D264272C1F79B52100F749D9 /* Release */,
			);
			defaultConfigurationIsVisible = 0;
			defaultConfigurationName = Release;
		};
/* End XCConfigurationList section */
	};
	rootObject = D26427101F79B52100F749D9 /* Project object */;
}
